
Microsoft Visual Studio Solution File, Format Version 12.00
# Visual Studio Version 17
VisualStudioVersion = 17.4.33122.133
MinimumVisualStudioVersion = 10.0.40219.1
Project("{9A19103F-16F7-4668-BE54-9A1E7A4F7556}") = "Day1", "Day1\Day1.csproj", "{9644CEAF-D997-4C42-B87B-919FFB25080F}"
EndProject
Project("{9A19103F-16F7-4668-BE54-9A1E7A4F7556}") = "Day2", "Day2\Day2.csproj", "{37DB0D75-2E1C-4B35-A53A-A6445DB1F78D}"
EndProject
Project("{9A19103F-16F7-4668-BE54-9A1E7A4F7556}") = "Day3", "Day3\Day3.csproj", "{1E91A892-B3EA-467C-8861-5A77DA8BD348}"
EndProject
Project("{9A19103F-16F7-4668-BE54-9A1E7A4F7556}") = "Day4", "Day4\Day4.csproj", "{4272793C-9844-48C0-8594-F1DEDE59063C}"
EndProject
Project("{9A19103F-16F7-4668-BE54-9A1E7A4F7556}") = "Day5", "Day5\Day5.csproj", "{8D327C32-4DF0-437E-8504-B0FE203B405A}"
EndProject
Project("{FAE04EC0-301F-11D3-BF4B-00C04F79EFBC}") = "Day6", "Day6\Day6.csproj", "{75D84F1D-7724-4600-A8C8-AA670BA548F1}"
EndProject
Project("{FAE04EC0-301F-11D3-BF4B-00C04F79EFBC}") = "Day7", "Day7\Day7.csproj", "{B3BEBA01-3A28-43EB-ABD4-67EA0B0F79B2}"
EndProject
Project("{FAE04EC0-301F-11D3-BF4B-00C04F79EFBC}") = "Day8", "Day8\Day8.csproj", "{9E2E6094-7B64-4AE8-B13A-638F20CEEA19}"
EndProject
Project("{FAE04EC0-301F-11D3-BF4B-00C04F79EFBC}") = "Day9", "Day9\Day9.csproj", "{B5091B1D-241C-48CD-9BF6-F22C92E8A9D9}"
EndProject
Project("{FAE04EC0-301F-11D3-BF4B-00C04F79EFBC}") = "Day10", "Day10\Day10.csproj", "{DF31C0F5-11B1-4AC1-99AA-BDF868CF2F1D}"
EndProject
Global
	GlobalSection(SolutionConfigurationPlatforms) = preSolution
		Debug|Any CPU = Debug|Any CPU
		Release|Any CPU = Release|Any CPU
	EndGlobalSection
	GlobalSection(ProjectConfigurationPlatforms) = postSolution
		{9644CEAF-D997-4C42-B87B-919FFB25080F}.Debug|Any CPU.ActiveCfg = Debug|Any CPU
		{9644CEAF-D997-4C42-B87B-919FFB25080F}.Debug|Any CPU.Build.0 = Debug|Any CPU
		{9644CEAF-D997-4C42-B87B-919FFB25080F}.Release|Any CPU.ActiveCfg = Release|Any CPU
		{9644CEAF-D997-4C42-B87B-919FFB25080F}.Release|Any CPU.Build.0 = Release|Any CPU
		{37DB0D75-2E1C-4B35-A53A-A6445DB1F78D}.Debug|Any CPU.ActiveCfg = Debug|Any CPU
		{37DB0D75-2E1C-4B35-A53A-A6445DB1F78D}.Debug|Any CPU.Build.0 = Debug|Any CPU
		{37DB0D75-2E1C-4B35-A53A-A6445DB1F78D}.Release|Any CPU.ActiveCfg = Release|Any CPU
		{37DB0D75-2E1C-4B35-A53A-A6445DB1F78D}.Release|Any CPU.Build.0 = Release|Any CPU
		{1E91A892-B3EA-467C-8861-5A77DA8BD348}.Debug|Any CPU.ActiveCfg = Debug|Any CPU
		{1E91A892-B3EA-467C-8861-5A77DA8BD348}.Debug|Any CPU.Build.0 = Debug|Any CPU
		{1E91A892-B3EA-467C-8861-5A77DA8BD348}.Release|Any CPU.ActiveCfg = Release|Any CPU
		{1E91A892-B3EA-467C-8861-5A77DA8BD348}.Release|Any CPU.Build.0 = Release|Any CPU
		{4272793C-9844-48C0-8594-F1DEDE59063C}.Debug|Any CPU.ActiveCfg = Debug|Any CPU
		{4272793C-9844-48C0-8594-F1DEDE59063C}.Debug|Any CPU.Build.0 = Debug|Any CPU
		{4272793C-9844-48C0-8594-F1DEDE59063C}.Release|Any CPU.ActiveCfg = Release|Any CPU
		{4272793C-9844-48C0-8594-F1DEDE59063C}.Release|Any CPU.Build.0 = Release|Any CPU
		{8D327C32-4DF0-437E-8504-B0FE203B405A}.Debug|Any CPU.ActiveCfg = Debug|Any CPU
		{8D327C32-4DF0-437E-8504-B0FE203B405A}.Debug|Any CPU.Build.0 = Debug|Any CPU
		{8D327C32-4DF0-437E-8504-B0FE203B405A}.Release|Any CPU.ActiveCfg = Release|Any CPU
		{8D327C32-4DF0-437E-8504-B0FE203B405A}.Release|Any CPU.Build.0 = Release|Any CPU
		{75D84F1D-7724-4600-A8C8-AA670BA548F1}.Debug|Any CPU.ActiveCfg = Debug|Any CPU
		{75D84F1D-7724-4600-A8C8-AA670BA548F1}.Debug|Any CPU.Build.0 = Debug|Any CPU
		{75D84F1D-7724-4600-A8C8-AA670BA548F1}.Release|Any CPU.ActiveCfg = Release|Any CPU
		{75D84F1D-7724-4600-A8C8-AA670BA548F1}.Release|Any CPU.Build.0 = Release|Any CPU
		{B3BEBA01-3A28-43EB-ABD4-67EA0B0F79B2}.Debug|Any CPU.ActiveCfg = Debug|Any CPU
		{B3BEBA01-3A28-43EB-ABD4-67EA0B0F79B2}.Debug|Any CPU.Build.0 = Debug|Any CPU
		{B3BEBA01-3A28-43EB-ABD4-67EA0B0F79B2}.Release|Any CPU.ActiveCfg = Release|Any CPU
		{B3BEBA01-3A28-43EB-ABD4-67EA0B0F79B2}.Release|Any CPU.Build.0 = Release|Any CPU
		{9E2E6094-7B64-4AE8-B13A-638F20CEEA19}.Debug|Any CPU.ActiveCfg = Debug|Any CPU
		{9E2E6094-7B64-4AE8-B13A-638F20CEEA19}.Debug|Any CPU.Build.0 = Debug|Any CPU
		{9E2E6094-7B64-4AE8-B13A-638F20CEEA19}.Release|Any CPU.ActiveCfg = Release|Any CPU
		{9E2E6094-7B64-4AE8-B13A-638F20CEEA19}.Release|Any CPU.Build.0 = Release|Any CPU
		{B5091B1D-241C-48CD-9BF6-F22C92E8A9D9}.Debug|Any CPU.ActiveCfg = Debug|Any CPU
		{B5091B1D-241C-48CD-9BF6-F22C92E8A9D9}.Debug|Any CPU.Build.0 = Debug|Any CPU
		{B5091B1D-241C-48CD-9BF6-F22C92E8A9D9}.Release|Any CPU.ActiveCfg = Release|Any CPU
		{B5091B1D-241C-48CD-9BF6-F22C92E8A9D9}.Release|Any CPU.Build.0 = Release|Any CPU
		{DF31C0F5-11B1-4AC1-99AA-BDF868CF2F1D}.Debug|Any CPU.ActiveCfg = Debug|Any CPU
		{DF31C0F5-11B1-4AC1-99AA-BDF868CF2F1D}.Debug|Any CPU.Build.0 = Debug|Any CPU
		{DF31C0F5-11B1-4AC1-99AA-BDF868CF2F1D}.Release|Any CPU.ActiveCfg = Release|Any CPU
		{DF31C0F5-11B1-4AC1-99AA-BDF868CF2F1D}.Release|Any CPU.Build.0 = Release|Any CPU
	EndGlobalSection
	GlobalSection(SolutionProperties) = preSolution
		HideSolutionNode = FALSE
	EndGlobalSection
	GlobalSection(ExtensibilityGlobals) = postSolution
		SolutionGuid = {32EF08CB-5D8F-4E62-9B54-BC2754587BD9}
	EndGlobalSection
EndGlobal
